
Microsoft Visual Studio Solution File, Format Version 12.00
# Visual Studio Version 16
VisualStudioVersion = 16.0.32228.343
MinimumVisualStudioVersion = 10.0.40219.1
Project("{FAE04EC0-301F-11D3-BF4B-00C04F79EFBC}") = "Sortiranje vozila", "Sortiranje vozila.csproj", "{3DD5CAAF-4C62-4279-BCD0-07C78DB84FDA}"
EndProject
Global
	GlobalSection(SolutionConfigurationPlatforms) = preSolution
		Debug|Any CPU = Debug|Any CPU
		Release|Any CPU = Release|Any CPU
	EndGlobalSection
	GlobalSection(ProjectConfigurationPlatforms) = postSolution
		{3DD5CAAF-4C62-4279-BCD0-07C78DB84FDA}.Debug|Any CPU.ActiveCfg = Debug|Any CPU
		{3DD5CAAF-4C62-4279-BCD0-07C78DB84FDA}.Debug|Any CPU.Build.0 = Debug|Any CPU
		{3DD5CAAF-4C62-4279-BCD0-07C78DB84FDA}.Release|Any CPU.ActiveCfg = Release|Any CPU
		{3DD5CAAF-4C62-4279-BCD0-07C78DB84FDA}.Release|Any CPU.Build.0 = Release|Any CPU
	EndGlobalSection
	GlobalSection(SolutionProperties) = preSolution
		HideSolutionNode = FALSE
	EndGlobalSection
	GlobalSection(ExtensibilityGlobals) = postSolution
		SolutionGuid = {79D8446B-EE4D-4430-B781-88ECA7249613}
	EndGlobalSection
EndGlobal
